PODS:
  - libcurl/http_only (7.76.0):
    - OpenSSL-Universal (= 1.1.1100)
  - OpenSSL-Universal (1.1.1100)

DEPENDENCIES:
  - libcurl/http_only (from `../`)

SPEC REPOS:
  trunk:
    - OpenSSL-Universal

EXTERNAL SOURCES:
  libcurl:
    :path: "../"

SPEC CHECKSUMS:
  libcurl: 57d6fd66d7a744dc5c2623a21ff4bc867c46b770
  OpenSSL-Universal: ebc357f1e6bc71fa463ccb2fe676756aff50e88c

PODFILE CHECKSUM: 47a183bb2525f981f14717033dcd392919d1ce0f

COCOAPODS: 1.10.0
